# THIS IS AN AUTOGENERATED FILE. DO NOT EDIT THIS FILE DIRECTLY.
# yarn lockfile v1


"@fortawesome/fontawesome-free@^5.7.2":
  version "5.15.4"
  resolved "https://registry.yarnpkg.com/@fortawesome/fontawesome-free/-/fontawesome-free-5.15.4.tgz#ecda5712b61ac852c760d8b3c79c96adca5554e5"
  integrity sha512-eYm8vijH/hpzr/6/1CJ/V/Eb1xQFW2nnUKArb3z+yUWv7HTwj6M7SP957oMjfZjAHU6qpoNc2wQvIxBLWYa/Jg==

"@popperjs/core@^2.10.1":
  version "2.10.2"
  resolved "https://registry.yarnpkg.com/@popperjs/core/-/core-2.10.2.tgz#0798c03351f0dea1a5a4cabddf26a55a7cbee590"
  integrity sha512-IXf3XA7+XyN7CP9gGh/XB0UxVMlvARGEgGXLubFICsUMGz6Q+DU+i4gGlpOxTjKvXjkJDJC8YdqdKkDj9qZHEQ==

ace-builds@^1.4.2:
  version "1.4.13"
  resolved "https://registry.yarnpkg.com/ace-builds/-/ace-builds-1.4.13.tgz#186f42d3849ebcc6a48b93088a058489897514c1"
  integrity sha512-SOLzdaQkY6ecPKYRDDg+MY1WoGgXA34cIvYJNNoBMGGUswHmlauU2Hy0UL96vW0Fs/LgFbMUjD+6vqzWTldIYQ==

add@^2.0.6:
  version "2.0.6"
  resolved "https://registry.yarnpkg.com/add/-/add-2.0.6.tgz#248f0a9f6e5a528ef2295dbeec30532130ae2235"
  integrity sha1-JI8Kn25aUo7yKV2+7DBTITCuIjU=

argparse@^1.0.7:
  version "1.0.10"
  resolved "https://registry.yarnpkg.com/argparse/-/argparse-1.0.10.tgz#bcd6791ea5ae09725e17e5ad988134cd40b3d911"
  integrity sha512-o5Roy6tNG4SL/FOkCAN6RzjiakZS25RLYFrcMttJqbdd8BWrnA+fGz57iN5Pb06pvBGvl5gQ0B48dJlslXvoTg==
  dependencies:
    sprintf-js "~1.0.2"

blueimp-canvas-to-blob@3:
  version "3.29.0"
  resolved "https://registry.yarnpkg.com/blueimp-canvas-to-blob/-/blueimp-canvas-to-blob-3.29.0.tgz#d965f06cb1a67fdae207a2be56683f55ef531466"
  integrity sha512-0pcSSGxC0QxT+yVkivxIqW0Y4VlO2XSDPofBAqoJ1qJxgH9eiUDLv50Rixij2cDuEfx4M6DpD9UGZpRhT5Q8qg==

blueimp-file-upload@^10.1.0:
  version "10.32.0"
  resolved "https://registry.yarnpkg.com/blueimp-file-upload/-/blueimp-file-upload-10.32.0.tgz#897c91f813ccf4b6cd14db2da3da237ce433e04e"
  integrity sha512-3WMJw5Cbfz94Adl1OeyH+rRpGwHiNHzja+CR6aRWPoAtwrUwvP5gXKo0XdX+sdPE+iCU63Xmba88hoHQmzY8RQ==
  optionalDependencies:
    blueimp-canvas-to-blob "3"
    blueimp-load-image "5"
    blueimp-tmpl "3"

blueimp-load-image@5:
  version "5.16.0"
  resolved "https://registry.yarnpkg.com/blueimp-load-image/-/blueimp-load-image-5.16.0.tgz#16b763f57e6725f8865517bca8eb7c3dc7d41e09"
  integrity sha512-3DUSVdOtlfNRk7moRZuTwDmA3NnG8KIJuLcq3c0J7/BIr6X3Vb/EpX3kUH1joxUhmoVF4uCpDfz7wHkz8pQajA==

blueimp-tmpl@3:
  version "3.20.0"
  resolved "https://registry.yarnpkg.com/blueimp-tmpl/-/blueimp-tmpl-3.20.0.tgz#bed897db362c70d3740e0ad1020ce84bfa15ceaa"
  integrity sha512-g6ln9L+VX8ZA4WA8mgKMethYH+5teroJ2uOkCvcthy9Y9d9LrQ42OAMn+r3ECKu9CB+xe9GOChlIUJBSxwkI6g==

bootstrap@^5.1.0:
  version "5.1.3"
  resolved "https://registry.yarnpkg.com/bootstrap/-/bootstrap-5.1.3.tgz#ba081b0c130f810fa70900acbc1c6d3c28fa8f34"
  integrity sha512-fcQztozJ8jToQWXxVuEyXWW+dSo8AiXWKwiSSrKWsRB/Qt+Ewwza+JWoLKiTuQLaEPhdNAJ7+Dosc9DOIqNy7Q==

datatables.net-bs5@>=1.10.25, datatables.net-bs5@^1.11.3:
  version "1.11.3"
  resolved "https://registry.yarnpkg.com/datatables.net-bs5/-/datatables.net-bs5-1.11.3.tgz#939d0e66fbf518718a519534a88fc88cd29405b0"
  integrity sha512-u0tosKUR1XNpXzxOOt2NInnNYayt7GQoG+OM1xPRhdkZ7ZBD4oNF8S0aKve8yvSUq/ZwTMh4WJeh80GdmrJAdQ==
  dependencies:
    datatables.net ">=1.10.25"
    jquery ">=1.7"

datatables.net-fixedheader-bs5@^3.2.0:
  version "3.2.0"
  resolved "https://registry.yarnpkg.com/datatables.net-fixedheader-bs5/-/datatables.net-fixedheader-bs5-3.2.0.tgz#a5b180a34dded5e526fd7d8ba855b493af76f996"
  integrity sha512-OT7RpaDWaOYzDScZwFk8KSsfIJVkGN6BLlpQy/KceDOHSwO7BQShETO1l7svQpoTOX9edMP3BQIxF03swUHMAA==
  dependencies:
    datatables.net-bs5 ">=1.10.25"
    datatables.net-fixedheader ">=3.1.9"
    jquery ">=1.7"

datatables.net-fixedheader@>=3.1.9:
  version "3.2.0"
  resolved "https://registry.yarnpkg.com/datatables.net-fixedheader/-/datatables.net-fixedheader-3.2.0.tgz#5d4891942ecf2a66ff2dfb1be54802cfa6c5927e"
  integrity sha512-p8GfXhOLBv94uFmgUSKthNw1Sd9szBMqEHHe0DwRsbBR/4WworYzaeysy45HPoBh1tL6abWZC7gW6I4nLGtzlQ==
  dependencies:
    datatables.net ">=1.10.25"
    jquery ">=1.7"

datatables.net-keytable-bs5@^2.6.4:
  version "2.6.4"
  resolved "https://registry.yarnpkg.com/datatables.net-keytable-bs5/-/datatables.net-keytable-bs5-2.6.4.tgz#1adaabb5af4099f2c97dc55aa2f9d68cc31cc2a0"
  integrity sha512-SHDgrWTHOtrPeuBHepla+GKx0SwpDc00M9zd0WlKtjpAK89TQBO5h0n4xKgycvjbBEA0XVAzyyW0ufE/OklELg==
  dependencies:
    datatables.net-bs5 ">=1.10.25"
    datatables.net-keytable ">=2.6.2"
    jquery ">=1.7"

datatables.net-keytable@>=2.6.2:
  version "2.6.4"
  resolved "https://registry.yarnpkg.com/datatables.net-keytable/-/datatables.net-keytable-2.6.4.tgz#0cb355441a87d1c7aa6d230641157d17829892a2"
  integrity sha512-84ldg8S3rAzHKJw4inz/a4lWUWaVhrSrH16+zO9sxUdBgT+rTTjx7aN5d3JwrdroEYB3z2uWfd0MOxNlNXeuUQ==
  dependencies:
    datatables.net ">=1.10.25"
    jquery ">=1.7"

datatables.net-select@^1.3.0:
  version "1.3.3"
  resolved "https://registry.yarnpkg.com/datatables.net-select/-/datatables.net-select-1.3.3.tgz#9259f70bf257e5d32198f38424d005808b78dc6d"
  integrity sha512-M4e9Qx790IPt+tc+CLgk7gPram3i+M2OmhIkhIpp7RcZ2Ay4App4ouQZcEx3j1MTRIWxtOz47xjpWrwVfJ23YQ==
  dependencies:
    datatables.net "^1.10.15"
    jquery ">=1.7"

datatables.net@>=1.10.25, datatables.net@^1.10.15:
  version "1.11.3"
  resolved "https://registry.yarnpkg.com/datatables.net/-/datatables.net-1.11.3.tgz#80e691036efcd62467558ee64c07dd566cb761b4"
  integrity sha512-VMj5qEaTebpNurySkM6jy6sGpl+s6onPK8xJhYr296R/vUBnz1+id16NVqNf9z5aR076OGcpGHCuiTuy4E05oQ==
  dependencies:
    jquery ">=1.7"

esprima@^4.0.0:
  version "4.0.1"
  resolved "https://registry.yarnpkg.com/esprima/-/esprima-4.0.1.tgz#13b04cdb3e6c5d19df91ab6987a8695619b0aa71"
  integrity sha512-eGuFFw7Upda+g4p+QHvnW0RyTX/SVeJBDM/gCtMARO0cLuT2HcEKnTPvhjV6aGeqrCB/sbNop0Kszm0jsaWU4A==

inconsolata@^0.0.2:
  version "0.0.2"
  resolved "https://registry.yarnpkg.com/inconsolata/-/inconsolata-0.0.2.tgz#baa1433f43d42aa1edb26bd9ee87738e929250eb"
  integrity sha1-uqFDP0PUKqHtsmvZ7odzjpKSUOs=

jquery-contextmenu@^2.8.0:
  version "2.9.2"
  resolved "https://registry.yarnpkg.com/jquery-contextmenu/-/jquery-contextmenu-2.9.2.tgz#f9dc362e45871dda2e50fa45de2243e917446ced"
  integrity sha512-6S6sH/08owDStC/7zNwcN366yR0ydX6PmMB0RnjLRQOp7Nc/rqwEHglshfHrrw2kdTev97GXwRXrayDUmToIOw==
  dependencies:
    jquery "^3.5.0"

jquery@>=1.2.6, jquery@>=1.7, jquery@>=1.9.1, jquery@^3.3.1, jquery@^3.5.0:
  version "3.6.0"
  resolved "https://registry.yarnpkg.com/jquery/-/jquery-3.6.0.tgz#c72a09f15c1bdce142f49dbf1170bdf8adac2470"
  integrity sha512-JVzAR/AjBvVt2BmYhxRCSYysDsPcssdmTFnzyLEts9qNwmjmu4JTAMYubEfwVOSwpQ1I1sKKFcxhZCI2buerfw==

js-yaml@^3.13.0:
  version "3.14.1"
  resolved "https://registry.yarnpkg.com/js-yaml/-/js-yaml-3.14.1.tgz#dae812fdb3825fa306609a8717383c50c36a0537"
  integrity sha512-okMH7OXXJ7YrN9Ok3/SXrnu4iX9yOk+25nqX4imS2npuvTYDmo/QEZoqwZkYaIDk3jVvBOTOIEgEhaLOynBS9g==
  dependencies:
    argparse "^1.0.7"
    esprima "^4.0.0"

jstree-bootstrap-theme@^1.0.1:
  version "1.0.1"
  resolved "https://registry.yarnpkg.com/jstree-bootstrap-theme/-/jstree-bootstrap-theme-1.0.1.tgz#7d5edc73a846e8da7f94f57a1cc5ddee9d9eab4b"
  integrity sha1-fV7cc6hG6Np/lPV6HMXd7p2eq0s=
  dependencies:
    jquery ">=1.9.1"

jstree@^3.3.11:
  version "3.3.12"
  resolved "https://registry.yarnpkg.com/jstree/-/jstree-3.3.12.tgz#cf206bc85dcf4a4664ed6617eaae3bd5983d8601"
  integrity sha512-vHNLWkUr02ZYH7RcIckvhtLUtneWCVEtIKpIp2G9WtRh01ITv18EoNtNQcFG3ozM+oK6wp1Z300gSLXNQWCqGA==
  dependencies:
    jquery ">=1.9.1"

select2@^4.1.0-rc.0:
  version "4.1.0-rc.0"
  resolved "https://registry.yarnpkg.com/select2/-/select2-4.1.0-rc.0.tgz#ba3cd3901dda0155e1c0219ab41b74ba51ea22d8"
  integrity sha512-Hr9TdhyHCZUtwznEH2CBf7967mEM0idtJ5nMtjvk3Up5tPukOLXbHUNmh10oRfeNIhj+3GD3niu+g6sVK+gK0A==

source-code-pro@^2.30.2:
  version "2.38.0"
  resolved "https://registry.yarnpkg.com/source-code-pro/-/source-code-pro-2.38.0.tgz#85c57689f7386bb9d0515fb00ba4845bfb7b485b"
  integrity sha512-JMXu7l3XrLREG17eEwY66ANG9716WTu6OeNvZfRKQKANEvbSERDZjk5AYTHeV6owQNPQTeiiW3ri2Ou93XFGvg==

sprintf-js@~1.0.2:
  version "1.0.3"
  resolved "https://registry.yarnpkg.com/sprintf-js/-/sprintf-js-1.0.3.tgz#04e6926f662895354f3dd015203633b857297e2c"
  integrity sha1-BOaSb2YolTVPPdAVIDYzuFcpfiw=

tablesorter@^2.31.1:
  version "2.31.3"
  resolved "https://registry.yarnpkg.com/tablesorter/-/tablesorter-2.31.3.tgz#94c33234ba0e5d9efc5ba4e48651010a396c8b64"
  integrity sha512-ueEzeKiMajDcCWnUoT1dOeNEaS1OmPh9+8J0O2Sjp3TTijMygH74EA9QNJiNkLJqULyNU0RhbKY26UMUq9iurA==
  dependencies:
    jquery ">=1.2.6"

yarn@^1.13.0:
  version "1.22.17"
  resolved "https://registry.yarnpkg.com/yarn/-/yarn-1.22.17.tgz#bf910747d22497b573131f7341c0e1d15c74036c"
  integrity sha512-H0p241BXaH0UN9IeH//RT82tl5PfNraVpSpEoW+ET7lmopNC61eZ+A+IDvU8FM6Go5vx162SncDL8J1ZjRBriQ==
